// !$*UTF8*$!
{
	archiveVersion = 1;
	classes = {
	};
	objectVersion = 46;
	objects = {

/* Begin PBXBuildFile section */
		56B13BCF1ECC2DE100815B0A /* main.m in Sources */ = {isa = PBXBuildFile; fileRef = 56B13BCE1ECC2DE100815B0A /* main.m */; };
		56B13BD21ECC2DE100815B0A /* AppDelegate.m in Sources */ = {isa = PBXBuildFile; fileRef = 56B13BD11ECC2DE100815B0A /* AppDelegate.m */; };
		56B13BD51ECC2DE100815B0A /* ViewController.m in Sources */ = {isa = PBXBuildFile; fileRef = 56B13BD41ECC2DE100815B0A /* ViewController.m */; };
		56B13BD81ECC2DE200815B0A /* Main.storyboard in Resources */ = {isa = PBXBuildFile; fileRef = 56B13BD61ECC2DE200815B0A /* Main.storyboard */; };
		56B13BDA1ECC2DE200815B0A /* Assets.xcassets in Resources */ = {isa = PBXBuildFile; fileRef = 56B13BD91ECC2DE200815B0A /* Assets.xcassets */; };
		56B13BDD1ECC2DE200815B0A /* LaunchScreen.storyboard in Resources */ = {isa = PBXBuildFile; fileRef = 56B13BDB1ECC2DE200815B0A /* LaunchScreen.storyboard */; };
		56B13BE91ECC311200815B0A /* FlyScreenManager.m in Sources */ = {isa = PBXBuildFile; fileRef = 56B13BE81ECC311200815B0A /* FlyScreenManager.m */; };
		F52CC5A5EC64CC8F05042D7C /* libPods-FlyScreenDemo.a in Frameworks */ = {isa = PBXBuildFile; fileRef = BCD5753BADC058BF78BDE185 /* libPods-FlyScreenDemo.a */; };
/* End PBXBuildFile section */

/* Begin PBXFileReference section */
		11161AC100B5BC7D4B0AC434 /* Pods-FlyScreenDemo.release.xcconfig */ = {isa = PBXFileReference; includeInIndex = 1; lastKnownFileType = text.xcconfig; name = "Pods-FlyScreenDemo.release.xcconfig"; path = "Pods/Target Support Files/Pods-FlyScreenDemo/Pods-FlyScreenDemo.release.xcconfig"; sourceTree = "<group>"; };
		56B13BCA1ECC2DE000815B0A /* FlyScreenDemo.app */ = {isa = PBXFileReference; explicitFileType = wrapper.application; includeInIndex = 0; path = FlyScreenDemo.app; sourceTree = BUILT_PRODUCTS_DIR; };
		56B13BCE1ECC2DE100815B0A /* main.m */ = {isa = PBXFileReference; lastKnownFileType = sourcecode.c.objc; path = main.m; sourceTree = "<group>"; };
		56B13BD01ECC2DE100815B0A /* AppDelegate.h */ = {isa = PBXFileReference; lastKnownFileType = sourcecode.c.h; path = AppDelegate.h; sourceTree = "<group>"; };
		56B13BD11ECC2DE100815B0A /* AppDelegate.m */ = {isa = PBXFileReference; lastKnownFileType = sourcecode.c.objc; path = AppDelegate.m; sourceTree = "<group>"; };
		56B13BD31ECC2DE100815B0A /* ViewController.h */ = {isa = PBXFileReference; lastKnownFileType = sourcecode.c.h; path = ViewController.h; sourceTree = "<group>"; };
		56B13BD41ECC2DE100815B0A /* ViewController.m */ = {isa = PBXFileReference; lastKnownFileType = sourcecode.c.objc; path = ViewController.m; sourceTree = "<group>"; };
		56B13BD71ECC2DE200815B0A /* Base */ = {isa = PBXFileReference; lastKnownFileType = file.storyboard; name = Base; path = Base.lproj/Main.storyboard; sourceTree = "<group>"; };
		56B13BD91ECC2DE200815B0A /* Assets.xcassets */ = {isa = PBXFileReference; lastKnownFileType = folder.assetcatalog; path = Assets.xcassets; sourceTree = "<group>"; };
		56B13BDC1ECC2DE200815B0A /* Base */ = {isa = PBXFileReference; lastKnownFileType = file.storyboard; name = Base; path = Base.lproj/LaunchScreen.storyboard; sourceTree = "<group>"; };
		56B13BDE1ECC2DE200815B0A /* Info.plist */ = {isa = PBXFileReference; lastKnownFileType = text.plist.xml; path = Info.plist; sourceTree = "<group>"; };
		56B13BE71ECC311200815B0A /* FlyScreenManager.h */ = {isa = PBXFileReference; fileEncoding = 4; lastKnownFileType = sourcecode.c.h; path = FlyScreenManager.h; sourceTree = "<group>"; };
		56B13BE81ECC311200815B0A /* FlyScreenManager.m */ = {isa = PBXFileReference; fileEncoding = 4; lastKnownFileType = sourcecode.c.objc; path = FlyScreenManager.m; sourceTree = "<group>"; };
		56B13BEA1ECC311D00815B0A /* Header.h */ = {isa = PBXFileReference; fileEncoding = 4; lastKnownFileType = sourcecode.c.h; path = Header.h; sourceTree = "<group>"; };
		AD357376E7217E022594F921 /* Pods-FlyScreenDemo.debug.xcconfig */ = {isa = PBXFileReference; includeInIndex = 1; lastKnownFileType = text.xcconfig; name = "Pods-FlyScreenDemo.debug.xcconfig"; path = "Pods/Target Support Files/Pods-FlyScreenDemo/Pods-FlyScreenDemo.debug.xcconfig"; sourceTree = "<group>"; };
		BCD5753BADC058BF78BDE185 /* libPods-FlyScreenDemo.a */ = {isa = PBXFileReference; explicitFileType = archive.ar; includeInIndex = 0; path = "libPods-FlyScreenDemo.a"; sourceTree = BUILT_PRODUCTS_DIR; };
/* End PBXFileReference section */

/* Begin PBXFrameworksBuildPhase section */
		56B13BC71ECC2DE000815B0A /* Frameworks */ = {
			isa = PBXFrameworksBuildPhase;
			buildActionMask = 2147483647;
			files = (
				F52CC5A5EC64CC8F05042D7C /* libPods-FlyScreenDemo.a in Frameworks */,
			);
			runOnlyForDeploymentPostprocessing = 0;
		};
/* End PBXFrameworksBuildPhase section */

/* Begin PBXGroup section */
		56B13BC11ECC2DE000815B0A = {
			isa = PBXGroup;
			children = (
				56B13BCC1ECC2DE000815B0A /* FlyScreenDemo */,
				56B13BCB1ECC2DE000815B0A /* Products */,
				F26A60623451D645524E6A4D /* Pods */,
				F432C92F5158B1E213E55139 /* Frameworks */,
			);
			sourceTree = "<group>";
		};
		56B13BCB1ECC2DE000815B0A /* Products */ = {
			isa = PBXGroup;
			children = (
				56B13BCA1ECC2DE000815B0A /* FlyScreenDemo.app */,
			);
			name = Products;
			sourceTree = "<group>";
		};
		56B13BCC1ECC2DE000815B0A /* FlyScreenDemo */ = {
			isa = PBXGroup;
			children = (
				56B13BE61ECC30F900815B0A /* Manager */,
				56B13BE51ECC30BE00815B0A /* Others */,
				56B13BD01ECC2DE100815B0A /* AppDelegate.h */,
				56B13BD11ECC2DE100815B0A /* AppDelegate.m */,
				56B13BD31ECC2DE100815B0A /* ViewController.h */,
				56B13BD41ECC2DE100815B0A /* ViewController.m */,
				56B13BEA1ECC311D00815B0A /* Header.h */,
				56B13BCD1ECC2DE000815B0A /* Supporting Files */,
			);
			path = FlyScreenDemo;
			sourceTree = "<group>";
		};
		56B13BCD1ECC2DE000815B0A /* Supporting Files */ = {
			isa = PBXGroup;
			children = (
				56B13BCE1ECC2DE100815B0A /* main.m */,
			);
			name = "Supporting Files";
			sourceTree = "<group>";
		};
		56B13BE51ECC30BE00815B0A /* Others */ = {
			isa = PBXGroup;
			children = (
				56B13BD61ECC2DE200815B0A /* Main.storyboard */,
				56B13BD91ECC2DE200815B0A /* Assets.xcassets */,
				56B13BDB1ECC2DE200815B0A /* LaunchScreen.storyboard */,
				56B13BDE1ECC2DE200815B0A /* Info.plist */,
			);
			name = Others;
			sourceTree = "<group>";
		};
		56B13BE61ECC30F900815B0A /* Manager */ = {
			isa = PBXGroup;
			children = (
				56B13BE71ECC311200815B0A /* FlyScreenManager.h */,
				56B13BE81ECC311200815B0A /* FlyScreenManager.m */,
			);
			name = Manager;
			sourceTree = "<group>";
		};
		F26A60623451D645524E6A4D /* Pods */ = {
			isa = PBXGroup;
			children = (
				AD357376E7217E022594F921 /* Pods-FlyScreenDemo.debug.xcconfig */,
				11161AC100B5BC7D4B0AC434 /* Pods-FlyScreenDemo.release.xcconfig */,
			);
			name = Pods;
			sourceTree = "<group>";
		};
		F432C92F5158B1E213E55139 /* Frameworks */ = {
			isa = PBXGroup;
			children = (
				BCD5753BADC058BF78BDE185 /* libPods-FlyScreenDemo.a */,
			);
			name = Frameworks;
			sourceTree = "<group>";
		};
/* End PBXGroup section */

/* Begin PBXNativeTarget section */
		56B13BC91ECC2DE000815B0A /* FlyScreenDemo */ = {
			isa = PBXNativeTarget;
			buildConfigurationList = 56B13BE11ECC2DE200815B0A /* Build configuration list for PBXNativeTarget "FlyScreenDemo" */;
			buildPhases = (
				D9D04DFBABF6B7A24D96FAB2 /* [CP] Check Pods Manifest.lock */,
				56B13BC61ECC2DE000815B0A /* Sources */,
				56B13BC71ECC2DE000815B0A /* Frameworks */,
				56B13BC81ECC2DE000815B0A /* Resources */,
				BF5835809E66BC7A10B0A1B7 /* [CP] Embed Pods Frameworks */,
				5CEE277DDDC00BA2799A6C4C /* [CP] Copy Pods Resources */,
			);
			buildRules = (
			);
			dependencies = (
			);
			name = FlyScreenDemo;
			productName = FlyScreenDemo;
			productReference = 56B13BCA1ECC2DE000815B0A /* FlyScreenDemo.app */;
			productType = "com.apple.product-type.application";
		};
/* End PBXNativeTarget section */

/* Begin PBXProject section */
		56B13BC21ECC2DE000815B0A /* Project object */ = {
			isa = PBXProject;
			attributes = {
				LastUpgradeCheck = 0810;
				ORGANIZATIONNAME = com.pico;
				TargetAttributes = {
					56B13BC91ECC2DE000815B0A = {
						CreatedOnToolsVersion = 8.1;
						DevelopmentTeam = Y3N9MZ2AHY;
						ProvisioningStyle = Manual;
					};
				};
			};
			buildConfigurationList = 56B13BC51ECC2DE000815B0A /* Build configuration list for PBXProject "FlyScreenDemo" */;
			compatibilityVersion = "Xcode 3.2";
			developmentRegion = English;
			hasScannedForEncodings = 0;
			knownRegions = (
				en,
				Base,
			);
			mainGroup = 56B13BC11ECC2DE000815B0A;
			productRefGroup = 56B13BCB1ECC2DE000815B0A /* Products */;
			projectDirPath = "";
			projectRoot = "";
			targets = (
				56B13BC91ECC2DE000815B0A /* FlyScreenDemo */,
			);
		};
/* End PBXProject section */

/* Begin PBXResourcesBuildPhase section */
		56B13BC81ECC2DE000815B0A /* Resources */ = {
			isa = PBXResourcesBuildPhase;
			buildActionMask = 2147483647;
			files = (
				56B13BDD1ECC2DE200815B0A /* LaunchScreen.storyboard in Resources */,
				56B13BDA1ECC2DE200815B0A /* Assets.xcassets in Resources */,
				56B13BD81ECC2DE200815B0A /* Main.storyboard in Resources */,
			);
			runOnlyForDeploymentPostprocessing = 0;
		};
/* End PBXResourcesBuildPhase section */

/* Begin PBXShellScriptBuildPhase section */
		5CEE277DDDC00BA2799A6C4C /* [CP] Copy Pods Resources */ = {
			isa = PBXShellScriptBuildPhase;
			buildActionMask = 2147483647;
			files = (
			);
			inputPaths = (
			);
			name = "[CP] Copy Pods Resources";
			outputPaths = (
			);
			runOnlyForDeploymentPostprocessing = 0;
			shellPath = /bin/sh;
			shellScript = "\"${SRCROOT}/Pods/Target Support Files/Pods-FlyScreenDemo/Pods-FlyScreenDemo-resources.sh\"\n";
			showEnvVarsInLog = 0;
		};
		BF5835809E66BC7A10B0A1B7 /* [CP] Embed Pods Frameworks */ = {
			isa = PBXShellScriptBuildPhase;
			buildActionMask = 2147483647;
			files = (
			);
			inputPaths = (
			);
			name = "[CP] Embed Pods Frameworks";
			outputPaths = (
			);
			runOnlyForDeploymentPostprocessing = 0;
			shellPath = /bin/sh;
			shellScript = "\"${SRCROOT}/Pods/Target Support Files/Pods-FlyScreenDemo/Pods-FlyScreenDemo-frameworks.sh\"\n";
			showEnvVarsInLog = 0;
		};
		D9D04DFBABF6B7A24D96FAB2 /* [CP] Check Pods Manifest.lock */ = {
			isa = PBXShellScriptBuildPhase;
			buildActionMask = 2147483647;
			files = (
			);
			inputPaths = (
			);
			name = "[CP] Check Pods Manifest.lock";
			outputPaths = (
			);
			runOnlyForDeploymentPostprocessing = 0;
			shellPath = /bin/sh;
			shellScript = "diff \"${PODS_ROOT}/../Podfile.lock\" \"${PODS_ROOT}/Manifest.lock\" > /dev/null\nif [[ $? != 0 ]] ; then\n    cat << EOM\nerror: The sandbox is not in sync with the Podfile.lock. Run 'pod install' or update your CocoaPods installation.\nEOM\n    exit 1\nfi\n";
			showEnvVarsInLog = 0;
		};
/* End PBXShellScriptBuildPhase section */

/* Begin PBXSourcesBuildPhase section */
		56B13BC61ECC2DE000815B0A /* Sources */ = {
			isa = PBXSourcesBuildPhase;
			buildActionMask = 2147483647;
			files = (
				56B13BD51ECC2DE100815B0A /* ViewController.m in Sources */,
				56B13BD21ECC2DE100815B0A /* AppDelegate.m in Sources */,
				56B13BCF1ECC2DE100815B0A /* main.m in Sources */,
				56B13BE91ECC311200815B0A /* FlyScreenManager.m in Sources */,
			);
			runOnlyForDeploymentPostprocessing = 0;
		};
/* End PBXSourcesBuildPhase section */

/* Begin PBXVariantGroup section */
		56B13BD61ECC2DE200815B0A /* Main.storyboard */ = {
			isa = PBXVariantGroup;
			children = (
				56B13BD71ECC2DE200815B0A /* Base */,
			);
			name = Main.storyboard;
			sourceTree = "<group>";
		};
		56B13BDB1ECC2DE200815B0A /* LaunchScreen.storyboard */ = {
			isa = PBXVariantGroup;
			children = (
				56B13BDC1ECC2DE200815B0A /* Base */,
			);
			name = LaunchScreen.storyboard;
			sourceTree = "<group>";
		};
/* End PBXVariantGroup section */

/* Begin XCBuildConfiguration section */
		56B13BDF1ECC2DE200815B0A /* Debug */ = {
			isa = XCBuildConfiguration;
			buildSettings = {
				ALWAYS_SEARCH_USER_PATHS = NO;
				CLANG_ANALYZER_NONNULL = YES;
				CLANG_CXX_LANGUAGE_STANDARD = "gnu++0x";
				CLANG_CXX_LIBRARY = "libc++";
				CLANG_ENABLE_MODULES = YES;
				CLANG_ENABLE_OBJC_ARC = YES;
				CLANG_WARN_BOOL_CONVERSION = YES;
				CLANG_WARN_CONSTANT_CONVERSION = YES;
				CLANG_WARN_DIRECT_OBJC_ISA_USAGE = YES_ERROR;
				CLANG_WARN_DOCUMENTATION_COMMENTS = YES;
				CLANG_WARN_EMPTY_BODY = YES;
				CLANG_WARN_ENUM_CONVERSION = YES;
				CLANG_WARN_INFINITE_RECURSION = YES;
				CLANG_WARN_INT_CONVERSION = YES;
				CLANG_WARN_OBJC_ROOT_CLASS = YES_ERROR;
				CLANG_WARN_SUSPICIOUS_MOVES = YES;
				CLANG_WARN_UNREACHABLE_CODE = YES;
				CLANG_WARN__DUPLICATE_METHOD_MATCH = YES;
				"CODE_SIGN_IDENTITY[sdk=iphoneos*]" = "iPhone Developer";
				COPY_PHASE_STRIP = NO;
				DEBUG_INFORMATION_FORMAT = dwarf;
				ENABLE_STRICT_OBJC_MSGSEND = YES;
				ENABLE_TESTABILITY = YES;
				GCC_C_LANGUAGE_STANDARD = gnu99;
				GCC_DYNAMIC_NO_PIC = NO;
				GCC_NO_COMMON_BLOCKS = YES;
				GCC_OPTIMIZATION_LEVEL = 0;
				GCC_PREPROCESSOR_DEFINITIONS = (
					"DEBUG=1",
					"$(inherited)",
				);
				GCC_WARN_64_TO_32_BIT_CONVERSION = YES;
				GCC_WARN_ABOUT_RETURN_TYPE = YES_ERROR;
				GCC_WARN_UNDECLARED_SELECTOR = YES;
				GCC_WARN_UNINITIALIZED_AUTOS = YES_AGGRESSIVE;
				GCC_WARN_UNUSED_FUNCTION = YES;
				GCC_WARN_UNUSED_VARIABLE = YES;
				IPHONEOS_DEPLOYMENT_TARGET = 10.1;
				MTL_ENABLE_DEBUG_INFO = YES;
				ONLY_ACTIVE_ARCH = YES;
				SDKROOT = iphoneos;
			};
			name = Debug;
		};
		56B13BE01ECC2DE200815B0A /* Release */ = {
			isa = XCBuildConfiguration;
			buildSettings = {
				ALWAYS_SEARCH_USER_PATHS = NO;
				CLANG_ANALYZER_NONNULL = YES;
				CLANG_CXX_LANGUAGE_STANDARD = "gnu++0x";
				CLANG_CXX_LIBRARY = "libc++";
				CLANG_ENABLE_MODULES = YES;
				CLANG_ENABLE_OBJC_ARC = YES;
				CLANG_WARN_BOOL_CONVERSION = YES;
				CLANG_WARN_CONSTANT_CONVERSION = YES;
				CLANG_WARN_DIRECT_OBJC_ISA_USAGE = YES_ERROR;
				CLANG_WARN_DOCUMENTATION_COMMENTS = YES;
				CLANG_WARN_EMPTY_BODY = YES;
				CLANG_WARN_ENUM_CONVERSION = YES;
				CLANG_WARN_INFINITE_RECURSION = YES;
				CLANG_WARN_INT_CONVERSION = YES;
				CLANG_WARN_OBJC_ROOT_CLASS = YES_ERROR;
				CLANG_WARN_SUSPICIOUS_MOVES = YES;
				CLANG_WARN_UNREACHABLE_CODE = YES;
				CLANG_WARN__DUPLICATE_METHOD_MATCH = YES;
				"CODE_SIGN_IDENTITY[sdk=iphoneos*]" = "iPhone Developer";
				COPY_PHASE_STRIP = NO;
				DEBUG_INFORMATION_FORMAT = "dwarf-with-dsym";
				ENABLE_NS_ASSERTIONS = NO;
				ENABLE_STRICT_OBJC_MSGSEND = YES;
				GCC_C_LANGUAGE_STANDARD = gnu99;
				GCC_NO_COMMON_BLOCKS = YES;
				GCC_WARN_64_TO_32_BIT_CONVERSION = YES;
				GCC_WARN_ABOUT_RETURN_TYPE = YES_ERROR;
				GCC_WARN_UNDECLARED_SELECTOR = YES;
				GCC_WARN_UNINITIALIZED_AUTOS = YES_AGGRESSIVE;
				GCC_WARN_UNUSED_FUNCTION = YES;
				GCC_WARN_UNUSED_VARIABLE = YES;
				IPHONEOS_DEPLOYMENT_TARGET = 10.1;
				MTL_ENABLE_DEBUG_INFO = NO;
				SDKROOT = iphoneos;
				VALIDATE_PRODUCT = YES;
			};
			name = Release;
		};
		56B13BE21ECC2DE200815B0A /* Debug */ = {
			isa = XCBuildConfiguration;
			baseConfigurationReference = AD357376E7217E022594F921 /* Pods-FlyScreenDemo.debug.xcconfig */;
			buildSettings = {
				ASSETCATALOG_COMPILER_APPICON_NAME = AppIcon;
				DEVELOPMENT_TEAM = Y3N9MZ2AHY;
				INFOPLIST_FILE = FlyScreenDemo/Info.plist;
				IPHONEOS_DEPLOYMENT_TARGET = 8.0;
				LD_RUNPATH_SEARCH_PATHS = "$(inherited) @executable_path/Frameworks";
				PRODUCT_BUNDLE_IDENTIFIER = com.pico.FlyScreenDemo;
				PRODUCT_NAME = "$(TARGET_NAME)";
				PROVISIONING_PROFILE = "a5f1f20f-3781-4375-a04b-1c6efd501077";
				PROVISIONING_PROFILE_SPECIFIER = wide_pico;
			};
			name = Debug;
		};
		56B13BE31ECC2DE200815B0A /* Release */ = {
			isa = XCBuildConfiguration;
			baseConfigurationReference = 11161AC100B5BC7D4B0AC434 /* Pods-FlyScreenDemo.release.xcconfig */;
			buildSettings = {
				ASSETCATALOG_COMPILER_APPICON_NAME = AppIcon;
				DEVELOPMENT_TEAM = Y3N9MZ2AHY;
				INFOPLIST_FILE = FlyScreenDemo/Info.plist;
				IPHONEOS_DEPLOYMENT_TARGET = 8.0;
				LD_RUNPATH_SEARCH_PATHS = "$(inherited) @executable_path/Frameworks";
				PRODUCT_BUNDLE_IDENTIFIER = com.pico.FlyScreenDemo;
				PRODUCT_NAME = "$(TARGET_NAME)";
				PROVISIONING_PROFILE = "a5f1f20f-3781-4375-a04b-1c6efd501077";
				PROVISIONING_PROFILE_SPECIFIER = wide_pico;
			};
			name = Release;
		};
/* End XCBuildConfiguration section */

/* Begin XCConfigurationList section */
		56B13BC51ECC2DE000815B0A /* Build configuration list for PBXProject "FlyScreenDemo" */ = {
			isa = XCConfigurationList;
			buildConfigurations = (
				56B13BDF1ECC2DE200815B0A /* Debug */,
				56B13BE01ECC2DE200815B0A /* Release */,
			);
			defaultConfigurationIsVisible = 0;
			defaultConfigurationName = Release;
		};
		56B13BE11ECC2DE200815B0A /* Build configuration list for PBXNativeTarget "FlyScreenDemo" */ = {
			isa = XCConfigurationList;
			buildConfigurations = (
				56B13BE21ECC2DE200815B0A /* Debug */,
				56B13BE31ECC2DE200815B0A /* Release */,
			);
			defaultConfigurationIsVisible = 0;
			defaultConfigurationName = Release;
		};
/* End XCConfigurationList section */
	};
	rootObject = 56B13BC21ECC2DE000815B0A /* Project object */;
}
